// !$*UTF8*$!
{
	archiveVersion = 1;
	classes = {
	};
	objectVersion = 55;
	objects = {

/* Begin PBXBuildFile section */
		16215F3E2BE4A8BC00106F61 /* AppDelegate.swift in Sources */ = {isa = PBXBuildFile; fileRef = 16215F3D2BE4A8BC00106F61 /* AppDelegate.swift */; };
		16215F402BE4A8BC00106F61 /* SceneDelegate.swift in Sources */ = {isa = PBXBuildFile; fileRef = 16215F3F2BE4A8BC00106F61 /* SceneDelegate.swift */; };
		16215F422BE4A8BC00106F61 /* ViewController.swift in Sources */ = {isa = PBXBuildFile; fileRef = 16215F412BE4A8BC00106F61 /* ViewController.swift */; };
		16215F452BE4A8BC00106F61 /* Main.storyboard in Resources */ = {isa = PBXBuildFile; fileRef = 16215F432BE4A8BC00106F61 /* Main.storyboard */; };
		16215F472BE4A8C000106F61 /* Assets.xcassets in Resources */ = {isa = PBXBuildFile; fileRef = 16215F462BE4A8C000106F61 /* Assets.xcassets */; };
		16215F4A2BE4A8C000106F61 /* LaunchScreen.storyboard in Resources */ = {isa = PBXBuildFile; fileRef = 16215F482BE4A8C000106F61 /* LaunchScreen.storyboard */; };
		16215F522BE4B6D700106F61 /* struct.swift in Sources */ = {isa = PBXBuildFile; fileRef = 16215F512BE4B6D700106F61 /* struct.swift */; };
		16215F542BE4BD8D00106F61 /* taskTableViewCell.swift in Sources */ = {isa = PBXBuildFile; fileRef = 16215F532BE4BD8D00106F61 /* taskTableViewCell.swift */; };
/* End PBXBuildFile section */

/* Begin PBXFileReference section */
		16215F3A2BE4A8BC00106F61 /* apiGet.app */ = {isa = PBXFileReference; explicitFileType = wrapper.application; includeInIndex = 0; path = apiGet.app; sourceTree = BUILT_PRODUCTS_DIR; };
		16215F3D2BE4A8BC00106F61 /* AppDelegate.swift */ = {isa = PBXFileReference; lastKnownFileType = sourcecode.swift; path = AppDelegate.swift; sourceTree = "<group>"; };
		16215F3F2BE4A8BC00106F61 /* SceneDelegate.swift */ = {isa = PBXFileReference; lastKnownFileType = sourcecode.swift; path = SceneDelegate.swift; sourceTree = "<group>"; };
		16215F412BE4A8BC00106F61 /* ViewController.swift */ = {isa = PBXFileReference; lastKnownFileType = sourcecode.swift; path = ViewController.swift; sourceTree = "<group>"; };
		16215F442BE4A8BC00106F61 /* Base */ = {isa = PBXFileReference; lastKnownFileType = file.storyboard; name = Base; path = Base.lproj/Main.storyboard; sourceTree = "<group>"; };
		16215F462BE4A8C000106F61 /* Assets.xcassets */ = {isa = PBXFileReference; lastKnownFileType = folder.assetcatalog; path = Assets.xcassets; sourceTree = "<group>"; };
		16215F492BE4A8C000106F61 /* Base */ = {isa = PBXFileReference; lastKnownFileType = file.storyboard; name = Base; path = Base.lproj/LaunchScreen.storyboard; sourceTree = "<group>"; };
		16215F4B2BE4A8C000106F61 /* Info.plist */ = {isa = PBXFileReference; lastKnownFileType = text.plist.xml; path = Info.plist; sourceTree = "<group>"; };
		16215F512BE4B6D700106F61 /* struct.swift */ = {isa = PBXFileReference; lastKnownFileType = sourcecode.swift; path = struct.swift; sourceTree = "<group>"; };
		16215F532BE4BD8D00106F61 /* taskTableViewCell.swift */ = {isa = PBXFileReference; lastKnownFileType = sourcecode.swift; path = taskTableViewCell.swift; sourceTree = "<group>"; };
/* End PBXFileReference section */

/* Begin PBXFrameworksBuildPhase section */
		16215F372BE4A8BC00106F61 /* Frameworks */ = {
			isa = PBXFrameworksBuildPhase;
			buildActionMask = 2147483647;
			files = (
			);
			runOnlyForDeploymentPostprocessing = 0;
		};
/* End PBXFrameworksBuildPhase section */

/* Begin PBXGroup section */
		16215F312BE4A8BC00106F61 = {
			isa = PBXGroup;
			children = (
				16215F3C2BE4A8BC00106F61 /* apiGet */,
				16215F3B2BE4A8BC00106F61 /* Products */,
			);
			sourceTree = "<group>";
		};
		16215F3B2BE4A8BC00106F61 /* Products */ = {
			isa = PBXGroup;
			children = (
				16215F3A2BE4A8BC00106F61 /* apiGet.app */,
			);
			name = Products;
			sourceTree = "<group>";
		};
		16215F3C2BE4A8BC00106F61 /* apiGet */ = {
			isa = PBXGroup;
			children = (
				16215F3D2BE4A8BC00106F61 /* AppDelegate.swift */,
				16215F3F2BE4A8BC00106F61 /* SceneDelegate.swift */,
				16215F532BE4BD8D00106F61 /* taskTableViewCell.swift */,
				16215F432BE4A8BC00106F61 /* Main.storyboard */,
				16215F462BE4A8C000106F61 /* Assets.xcassets */,
				16215F482BE4A8C000106F61 /* LaunchScreen.storyboard */,
				16215F4B2BE4A8C000106F61 /* Info.plist */,
				16215F552BE4C47800106F61 /* stuc */,
			);
			path = apiGet;
			sourceTree = "<group>";
		};
		16215F552BE4C47800106F61 /* stuc */ = {
			isa = PBXGroup;
			children = (
				16215F412BE4A8BC00106F61 /* ViewController.swift */,
				16215F512BE4B6D700106F61 /* struct.swift */,
			);
			path = stuc;
			sourceTree = "<group>";
		};
/* End PBXGroup section */

/* Begin PBXNativeTarget section */
		16215F392BE4A8BC00106F61 /* apiGet */ = {
			isa = PBXNativeTarget;
			buildConfigurationList = 16215F4E2BE4A8C000106F61 /* Build configuration list for PBXNativeTarget "apiGet" */;
			buildPhases = (
				16215F362BE4A8BC00106F61 /* Sources */,
				16215F372BE4A8BC00106F61 /* Frameworks */,
				16215F382BE4A8BC00106F61 /* Resources */,
			);
			buildRules = (
			);
			dependencies = (
			);
			name = apiGet;
			productName = apiGet;
			productReference = 16215F3A2BE4A8BC00106F61 /* apiGet.app */;
			productType = "com.apple.product-type.application";
		};
/* End PBXNativeTarget section */

/* Begin PBXProject section */
		16215F322BE4A8BC00106F61 /* Project object */ = {
			isa = PBXProject;
			attributes = {
				BuildIndependentTargetsInParallel = 1;
				LastSwiftUpdateCheck = 1330;
				LastUpgradeCheck = 1330;
				TargetAttributes = {
					16215F392BE4A8BC00106F61 = {
						CreatedOnToolsVersion = 13.3;
					};
				};
			};
			buildConfigurationList = 16215F352BE4A8BC00106F61 /* Build configuration list for PBXProject "apiGet" */;
			compatibilityVersion = "Xcode 13.0";
			developmentRegion = en;
			hasScannedForEncodings = 0;
			knownRegions = (
				en,
				Base,
			);
			mainGroup = 16215F312BE4A8BC00106F61;
			productRefGroup = 16215F3B2BE4A8BC00106F61 /* Products */;
			projectDirPath = "";
			projectRoot = "";
			targets = (
				16215F392BE4A8BC00106F61 /* apiGet */,
			);
		};
/* End PBXProject section */

/* Begin PBXResourcesBuildPhase section */
		16215F382BE4A8BC00106F61 /* Resources */ = {
			isa = PBXResourcesBuildPhase;
			buildActionMask = 2147483647;
			files = (
				16215F4A2BE4A8C000106F61 /* LaunchScreen.storyboard in Resources */,
				16215F472BE4A8C000106F61 /* Assets.xcassets in Resources */,
				16215F452BE4A8BC00106F61 /* Main.storyboard in Resources */,
			);
			runOnlyForDeploymentPostprocessing = 0;
		};
/* End PBXResourcesBuildPhase section */

/* Begin PBXSourcesBuildPhase section */
		16215F362BE4A8BC00106F61 /* Sources */ = {
			isa = PBXSourcesBuildPhase;
			buildActionMask = 2147483647;
			files = (
				16215F522BE4B6D700106F61 /* struct.swift in Sources */,
				16215F422BE4A8BC00106F61 /* ViewController.swift in Sources */,
				16215F3E2BE4A8BC00106F61 /* AppDelegate.swift in Sources */,
				16215F402BE4A8BC00106F61 /* SceneDelegate.swift in Sources */,
				16215F542BE4BD8D00106F61 /* taskTableViewCell.swift in Sources */,
			);
			runOnlyForDeploymentPostprocessing = 0;
		};
/* End PBXSourcesBuildPhase section */

/* Begin PBXVariantGroup section */
		16215F432BE4A8BC00106F61 /* Main.storyboard */ = {
			isa = PBXVariantGroup;
			children = (
				16215F442BE4A8BC00106F61 /* Base */,
			);
			name = Main.storyboard;
			sourceTree = "<group>";
		};
		16215F482BE4A8C000106F61 /* LaunchScreen.storyboard */ = {
			isa = PBXVariantGroup;
			children = (
				16215F492BE4A8C000106F61 /* Base */,
			);
			name = LaunchScreen.storyboard;
			sourceTree = "<group>";
		};
/* End PBXVariantGroup section */

/* Begin XCBuildConfiguration section */
		16215F4C2BE4A8C000106F61 /* Debug */ = {
			isa = XCBuildConfiguration;
			buildSettings = {
				ALWAYS_SEARCH_USER_PATHS = NO;
				CLANG_ANALYZER_NONNULL = YES;
				CLANG_ANALYZER_NUMBER_OBJECT_CONVERSION = YES_AGGRESSIVE;
				CLANG_CXX_LANGUAGE_STANDARD = "gnu++17";
				CLANG_ENABLE_MODULES = YES;
				CLANG_ENABLE_OBJC_ARC = YES;
				CLANG_ENABLE_OBJC_WEAK = YES;
				CLANG_WARN_BLOCK_CAPTURE_AUTORELEASING = YES;
				CLANG_WARN_BOOL_CONVERSION = YES;
				CLANG_WARN_COMMA = YES;
				CLANG_WARN_CONSTANT_CONVERSION = YES;
				CLANG_WARN_DEPRECATED_OBJC_IMPLEMENTATIONS = YES;
				CLANG_WARN_DIRECT_OBJC_ISA_USAGE = YES_ERROR;
				CLANG_WARN_DOCUMENTATION_COMMENTS = YES;
				CLANG_WARN_EMPTY_BODY = YES;
				CLANG_WARN_ENUM_CONVERSION = YES;
				CLANG_WARN_INFINITE_RECURSION = YES;
				CLANG_WARN_INT_CONVERSION = YES;
				CLANG_WARN_NON_LITERAL_NULL_CONVERSION = YES;
				CLANG_WARN_OBJC_IMPLICIT_RETAIN_SELF = YES;
				CLANG_WARN_OBJC_LITERAL_CONVERSION = YES;
				CLANG_WARN_OBJC_ROOT_CLASS = YES_ERROR;
				CLANG_WARN_QUOTED_INCLUDE_IN_FRAMEWORK_HEADER = YES;
				CLANG_WARN_RANGE_LOOP_ANALYSIS = YES;
				CLANG_WARN_STRICT_PROTOTYPES = YES;
				CLANG_WARN_SUSPICIOUS_MOVE = YES;
				CLANG_WARN_UNGUARDED_AVAILABILITY = YES_AGGRESSIVE;
				CLANG_WARN_UNREACHABLE_CODE = YES;
				CLANG_WARN__DUPLICATE_METHOD_MATCH = YES;
				COPY_PHASE_STRIP = NO;
				DEBUG_INFORMATION_FORMAT = dwarf;
				ENABLE_STRICT_OBJC_MSGSEND = YES;
				ENABLE_TESTABILITY = YES;
				GCC_C_LANGUAGE_STANDARD = gnu11;
				GCC_DYNAMIC_NO_PIC = NO;
				GCC_NO_COMMON_BLOCKS = YES;
				GCC_OPTIMIZATION_LEVEL = 0;
				GCC_PREPROCESSOR_DEFINITIONS = (
					"DEBUG=1",
					"$(inherited)",
				);
				GCC_WARN_64_TO_32_BIT_CONVERSION = YES;
				GCC_WARN_ABOUT_RETURN_TYPE = YES_ERROR;
				GCC_WARN_UNDECLARED_SELECTOR = YES;
				GCC_WARN_UNINITIALIZED_AUTOS = YES_AGGRESSIVE;
				GCC_WARN_UNUSED_FUNCTION = YES;
				GCC_WARN_UNUSED_VARIABLE = YES;
				IPHONEOS_DEPLOYMENT_TARGET = 15.4;
				MTL_ENABLE_DEBUG_INFO = INCLUDE_SOURCE;
				MTL_FAST_MATH = YES;
				ONLY_ACTIVE_ARCH = YES;
				SDKROOT = iphoneos;
				SWIFT_ACTIVE_COMPILATION_CONDITIONS = DEBUG;
				SWIFT_OPTIMIZATION_LEVEL = "-Onone";
			};
			name = Debug;
		};
		16215F4D2BE4A8C000106F61 /* Release */ = {
			isa = XCBuildConfiguration;
			buildSettings = {
				ALWAYS_SEARCH_USER_PATHS = NO;
				CLANG_ANALYZER_NONNULL = YES;
				CLANG_ANALYZER_NUMBER_OBJECT_CONVERSION = YES_AGGRESSIVE;
				CLANG_CXX_LANGUAGE_STANDARD = "gnu++17";
				CLANG_ENABLE_MODULES = YES;
				CLANG_ENABLE_OBJC_ARC = YES;
				CLANG_ENABLE_OBJC_WEAK = YES;
				CLANG_WARN_BLOCK_CAPTURE_AUTORELEASING = YES;
				CLANG_WARN_BOOL_CONVERSION = YES;
				CLANG_WARN_COMMA = YES;
				CLANG_WARN_CONSTANT_CONVERSION = YES;
				CLANG_WARN_DEPRECATED_OBJC_IMPLEMENTATIONS = YES;
				CLANG_WARN_DIRECT_OBJC_ISA_USAGE = YES_ERROR;
				CLANG_WARN_DOCUMENTATION_COMMENTS = YES;
				CLANG_WARN_EMPTY_BODY = YES;
				CLANG_WARN_ENUM_CONVERSION = YES;
				CLANG_WARN_INFINITE_RECURSION = YES;
				CLANG_WARN_INT_CONVERSION = YES;
				CLANG_WARN_NON_LITERAL_NULL_CONVERSION = YES;
				CLANG_WARN_OBJC_IMPLICIT_RETAIN_SELF = YES;
				CLANG_WARN_OBJC_LITERAL_CONVERSION = YES;
				CLANG_WARN_OBJC_ROOT_CLASS = YES_ERROR;
				CLANG_WARN_QUOTED_INCLUDE_IN_FRAMEWORK_HEADER = YES;
				CLANG_WARN_RANGE_LOOP_ANALYSIS = YES;
				CLANG_WARN_STRICT_PROTOTYPES = YES;
				CLANG_WARN_SUSPICIOUS_MOVE = YES;
				CLANG_WARN_UNGUARDED_AVAILABILITY = YES_AGGRESSIVE;
				CLANG_WARN_UNREACHABLE_CODE = YES;
				CLANG_WARN__DUPLICATE_METHOD_MATCH = YES;
				COPY_PHASE_STRIP = NO;
				DEBUG_INFORMATION_FORMAT = "dwarf-with-dsym";
				ENABLE_NS_ASSERTIONS = NO;
				ENABLE_STRICT_OBJC_MSGSEND = YES;
				GCC_C_LANGUAGE_STANDARD = gnu11;
				GCC_NO_COMMON_BLOCKS = YES;
				GCC_WARN_64_TO_32_BIT_CONVERSION = YES;
				GCC_WARN_ABOUT_RETURN_TYPE = YES_ERROR;
				GCC_WARN_UNDECLARED_SELECTOR = YES;
				GCC_WARN_UNINITIALIZED_AUTOS = YES_AGGRESSIVE;
				GCC_WARN_UNUSED_FUNCTION = YES;
				GCC_WARN_UNUSED_VARIABLE = YES;
				IPHONEOS_DEPLOYMENT_TARGET = 15.4;
				MTL_ENABLE_DEBUG_INFO = NO;
				MTL_FAST_MATH = YES;
				SDKROOT = iphoneos;
				SWIFT_COMPILATION_MODE = wholemodule;
				SWIFT_OPTIMIZATION_LEVEL = "-O";
				VALIDATE_PRODUCT = YES;
			};
			name = Release;
		};
		16215F4F2BE4A8C000106F61 /* Debug */ = {
			isa = XCBuildConfiguration;
			buildSettings = {
				ASSETCATALOG_COMPILER_APPICON_NAME = AppIcon;
				ASSETCATALOG_COMPILER_GLOBAL_ACCENT_COLOR_NAME = AccentColor;
				CODE_SIGN_STYLE = Automatic;
				CURRENT_PROJECT_VERSION = 1;
				GENERATE_INFOPLIST_FILE = YES;
				INFOPLIST_FILE = apiGet/Info.plist;
				INFOPLIST_KEY_UIApplicationSupportsIndirectInputEvents = YES;
				INFOPLIST_KEY_UILaunchStoryboardName = LaunchScreen;
				INFOPLIST_KEY_UIMainStoryboardFile = Main;
				INFOPLIST_KEY_UISupportedInterfaceOrientations_iPad = "UIInterfaceOrientationPortrait UIInterfaceOrientationPortraitUpsideDown UIInterfaceOrientationLandscapeLeft UIInterfaceOrientationLandscapeRight";
				INFOPLIST_KEY_UISupportedInterfaceOrientations_iPhone = "UIInterfaceOrientationPortrait UIInterfaceOrientationLandscapeLeft UIInterfaceOrientationLandscapeRight";
				LD_RUNPATH_SEARCH_PATHS = (
					"$(inherited)",
					"@executable_path/Frameworks",
				);
				MARKETING_VERSION = 1.0;
				PRODUCT_BUNDLE_IDENTIFIER = com.developer.apiGet;
				PRODUCT_NAME = "$(TARGET_NAME)";
				SWIFT_EMIT_LOC_STRINGS = YES;
				SWIFT_VERSION = 5.0;
				TARGETED_DEVICE_FAMILY = "1,2";
			};
			name = Debug;
		};
		16215F502BE4A8C000106F61 /* Release */ = {
			isa = XCBuildConfiguration;
			buildSettings = {
				ASSETCATALOG_COMPILER_APPICON_NAME = AppIcon;
				ASSETCATALOG_COMPILER_GLOBAL_ACCENT_COLOR_NAME = AccentColor;
				CODE_SIGN_STYLE = Automatic;
				CURRENT_PROJECT_VERSION = 1;
				GENERATE_INFOPLIST_FILE = YES;
				INFOPLIST_FILE = apiGet/Info.plist;
				INFOPLIST_KEY_UIApplicationSupportsIndirectInputEvents = YES;
				INFOPLIST_KEY_UILaunchStoryboardName = LaunchScreen;
				INFOPLIST_KEY_UIMainStoryboardFile = Main;
				INFOPLIST_KEY_UISupportedInterfaceOrientations_iPad = "UIInterfaceOrientationPortrait UIInterfaceOrientationPortraitUpsideDown UIInterfaceOrientationLandscapeLeft UIInterfaceOrientationLandscapeRight";
				INFOPLIST_KEY_UISupportedInterfaceOrientations_iPhone = "UIInterfaceOrientationPortrait UIInterfaceOrientationLandscapeLeft UIInterfaceOrientationLandscapeRight";
				LD_RUNPATH_SEARCH_PATHS = (
					"$(inherited)",
					"@executable_path/Frameworks",
				);
				MARKETING_VERSION = 1.0;
				PRODUCT_BUNDLE_IDENTIFIER = com.developer.apiGet;
				PRODUCT_NAME = "$(TARGET_NAME)";
				SWIFT_EMIT_LOC_STRINGS = YES;
				SWIFT_VERSION = 5.0;
				TARGETED_DEVICE_FAMILY = "1,2";
			};
			name = Release;
		};
/* End XCBuildConfiguration section */

/* Begin XCConfigurationList section */
		16215F352BE4A8BC00106F61 /* Build configuration list for PBXProject "apiGet" */ = {
			isa = XCConfigurationList;
			buildConfigurations = (
				16215F4C2BE4A8C000106F61 /* Debug */,
				16215F4D2BE4A8C000106F61 /* Release */,
			);
			defaultConfigurationIsVisible = 0;
			defaultConfigurationName = Release;
		};
		16215F4E2BE4A8C000106F61 /* Build configuration list for PBXNativeTarget "apiGet" */ = {
			isa = XCConfigurationList;
			buildConfigurations = (
				16215F4F2BE4A8C000106F61 /* Debug */,
				16215F502BE4A8C000106F61 /* Release */,
			);
			defaultConfigurationIsVisible = 0;
			defaultConfigurationName = Release;
		};
/* End XCConfigurationList section */
	};
	rootObject = 16215F322BE4A8BC00106F61 /* Project object */;
}
